
Microsoft Visual Studio Solution File, Format Version 12.00
# Visual Studio Version 17
VisualStudioVersion = 17.2.32616.157
MinimumVisualStudioVersion = 10.0.40219.1
Project("{FAE04EC0-301F-11D3-BF4B-00C04F79EFBC}") = "BDTestTask", "BDTestTask\BDTestTask.csproj", "{6360993F-3391-4902-B98D-B6970B89CBE2}"
EndProject
Global
	GlobalSection(SolutionConfigurationPlatforms) = preSolution
		Debug|Any CPU = Debug|Any CPU
		Release|Any CPU = Release|Any CPU
	EndGlobalSection
	GlobalSection(ProjectConfigurationPlatforms) = postSolution
		{6360993F-3391-4902-B98D-B6970B89CBE2}.Debug|Any CPU.ActiveCfg = Debug|Any CPU
		{6360993F-3391-4902-B98D-B6970B89CBE2}.Debug|Any CPU.Build.0 = Debug|Any CPU
		{6360993F-3391-4902-B98D-B6970B89CBE2}.Release|Any CPU.ActiveCfg = Release|Any CPU
		{6360993F-3391-4902-B98D-B6970B89CBE2}.Release|Any CPU.Build.0 = Release|Any CPU
	EndGlobalSection
	GlobalSection(SolutionProperties) = preSolution
		HideSolutionNode = FALSE
	EndGlobalSection
	GlobalSection(ExtensibilityGlobals) = postSolution
		SolutionGuid = {A6615955-EB95-49ED-9752-638C690D4C75}
	EndGlobalSection
EndGlobal
